
Microsoft Visual Studio Solution File, Format Version 12.00
# Visual Studio Version 16
VisualStudioVersion = 16.0.33927.289
MinimumVisualStudioVersion = 10.0.40219.1
Project("{FAE04EC0-301F-11D3-BF4B-00C04F79EFBC}") = "Semana02_progra", "Semana02_progra\Semana02_progra.csproj", "{6A4BBADB-18EC-4E14-96EE-FCA8D36BFB51}"
EndProject
Global
	GlobalSection(SolutionConfigurationPlatforms) = preSolution
		Debug|Any CPU = Debug|Any CPU
		Release|Any CPU = Release|Any CPU
	EndGlobalSection
	GlobalSection(ProjectConfigurationPlatforms) = postSolution
		{6A4BBADB-18EC-4E14-96EE-FCA8D36BFB51}.Debug|Any CPU.ActiveCfg = Debug|Any CPU
		{6A4BBADB-18EC-4E14-96EE-FCA8D36BFB51}.Debug|Any CPU.Build.0 = Debug|Any CPU
		{6A4BBADB-18EC-4E14-96EE-FCA8D36BFB51}.Release|Any CPU.ActiveCfg = Release|Any CPU
		{6A4BBADB-18EC-4E14-96EE-FCA8D36BFB51}.Release|Any CPU.Build.0 = Release|Any CPU
	EndGlobalSection
	GlobalSection(SolutionProperties) = preSolution
		HideSolutionNode = FALSE
	EndGlobalSection
	GlobalSection(ExtensibilityGlobals) = postSolution
		SolutionGuid = {35C0DDC5-4220-4DCE-93A3-B7E6874AB37D}
	EndGlobalSection
EndGlobal
